
Microsoft Visual Studio Solution File, Format Version 12.00
# Visual Studio Version 17
VisualStudioVersion = 17.2.32616.157
MinimumVisualStudioVersion = 10.0.40219.1
Project("{6EC3EE1D-3C4E-46DD-8F32-0CC8E7565705}") = "VirtualMachineCompiler", "VirtualMachineCompiler\VirtualMachineCompiler.fsproj", "{B0A390BE-F35A-4E2D-A072-561226E1D5DD}"
EndProject
Project("{6EC3EE1D-3C4E-46DD-8F32-0CC8E7565705}") = "VirtualMachineCompilerTests", "VirtualMachineCompilerTests\VirtualMachineCompilerTests.fsproj", "{D03BA13B-7BA2-4179-A043-8FBAF0FCC712}"
EndProject
Global
	GlobalSection(SolutionConfigurationPlatforms) = preSolution
		Debug|Any CPU = Debug|Any CPU
		Debug|x64 = Debug|x64
		Debug|x86 = Debug|x86
		Release|Any CPU = Release|Any CPU
		Release|x64 = Release|x64
		Release|x86 = Release|x86
	EndGlobalSection
	GlobalSection(ProjectConfigurationPlatforms) = postSolution
		{B0A390BE-F35A-4E2D-A072-561226E1D5DD}.Debug|Any CPU.ActiveCfg = Debug|Any CPU
		{B0A390BE-F35A-4E2D-A072-561226E1D5DD}.Debug|Any CPU.Build.0 = Debug|Any CPU
		{B0A390BE-F35A-4E2D-A072-561226E1D5DD}.Debug|x64.ActiveCfg = Debug|Any CPU
		{B0A390BE-F35A-4E2D-A072-561226E1D5DD}.Debug|x64.Build.0 = Debug|Any CPU
		{B0A390BE-F35A-4E2D-A072-561226E1D5DD}.Debug|x86.ActiveCfg = Debug|Any CPU
		{B0A390BE-F35A-4E2D-A072-561226E1D5DD}.Debug|x86.Build.0 = Debug|Any CPU
		{B0A390BE-F35A-4E2D-A072-561226E1D5DD}.Release|Any CPU.ActiveCfg = Release|Any CPU
		{B0A390BE-F35A-4E2D-A072-561226E1D5DD}.Release|Any CPU.Build.0 = Release|Any CPU
		{B0A390BE-F35A-4E2D-A072-561226E1D5DD}.Release|x64.ActiveCfg = Release|Any CPU
		{B0A390BE-F35A-4E2D-A072-561226E1D5DD}.Release|x64.Build.0 = Release|Any CPU
		{B0A390BE-F35A-4E2D-A072-561226E1D5DD}.Release|x86.ActiveCfg = Release|Any CPU
		{B0A390BE-F35A-4E2D-A072-561226E1D5DD}.Release|x86.Build.0 = Release|Any CPU
		{D03BA13B-7BA2-4179-A043-8FBAF0FCC712}.Debug|Any CPU.ActiveCfg = Debug|Any CPU
		{D03BA13B-7BA2-4179-A043-8FBAF0FCC712}.Debug|Any CPU.Build.0 = Debug|Any CPU
		{D03BA13B-7BA2-4179-A043-8FBAF0FCC712}.Debug|x64.ActiveCfg = Debug|Any CPU
		{D03BA13B-7BA2-4179-A043-8FBAF0FCC712}.Debug|x64.Build.0 = Debug|Any CPU
		{D03BA13B-7BA2-4179-A043-8FBAF0FCC712}.Debug|x86.ActiveCfg = Debug|Any CPU
		{D03BA13B-7BA2-4179-A043-8FBAF0FCC712}.Debug|x86.Build.0 = Debug|Any CPU
		{D03BA13B-7BA2-4179-A043-8FBAF0FCC712}.Release|Any CPU.ActiveCfg = Release|Any CPU
		{D03BA13B-7BA2-4179-A043-8FBAF0FCC712}.Release|Any CPU.Build.0 = Release|Any CPU
		{D03BA13B-7BA2-4179-A043-8FBAF0FCC712}.Release|x64.ActiveCfg = Release|Any CPU
		{D03BA13B-7BA2-4179-A043-8FBAF0FCC712}.Release|x64.Build.0 = Release|Any CPU
		{D03BA13B-7BA2-4179-A043-8FBAF0FCC712}.Release|x86.ActiveCfg = Release|Any CPU
		{D03BA13B-7BA2-4179-A043-8FBAF0FCC712}.Release|x86.Build.0 = Release|Any CPU
	EndGlobalSection
	GlobalSection(SolutionProperties) = preSolution
		HideSolutionNode = FALSE
	EndGlobalSection
	GlobalSection(ExtensibilityGlobals) = postSolution
		SolutionGuid = {C37D79C5-C9B9-4D9B-89D0-0B325BC62C4A}
	EndGlobalSection
EndGlobal
